{
  "name": "platforms",
  "version": "1.0.0",
  "lockfileVersion": 3,
  "requires": true,
  "packages": {
    "": {
      "name": "platforms",
      "version": "1.0.0",
      "license": "ISC",
      "dependencies": {
        "@buzorina/ajs": "^1.0.0"
      }
    },
    "node_modules/@buzorina/ajs": {
      "version": "1.0.0",
      "resolved": "https://npm.pkg.github.com/download/@buzorina/ajs/1.0.0/78e733252f34b2f4bc408af7702f4b61efade251",
      "integrity": "sha512-yCcfl62utNlCObkK5f8OJhaLvGPNxPYFHUwbj08WXO2f0GO5q18Zh8hutvVtRqENH56KQmHl0GYHQ2IkMFK24Q==",
      "license": "ISC"
    }
  }
}
